<?xml version="1.0" encoding="utf-8"?>
<Project ToolsVersion="4.0" xmlns="http://schemas.microsoft.com/developer/msbuild/2003">
  <ItemGroup>
    <Filter Include="源文件">
      <UniqueIdentifier>{4FC737F1-C7A5-4376-A066-2A32D752A2FF}</UniqueIdentifier>
      <Extensions>cpp;c;cc;cxx;c++;cppm;ixx;def;odl;idl;hpj;bat;asm;asmx</Extensions>
    </Filter>
    <Filter Include="头文件">
      <UniqueIdentifier>{93995380-89BD-4b04-88EB-625FBE52EBFB}</UniqueIdentifier>
      <Extensions>h;hh;hpp;hxx;h++;hm;inl;inc;ipp;xsd</Extensions>
    </Filter>
    <Filter Include="资源文件">
      <UniqueIdentifier>{67DA6AB6-F800-4c08-8B7A-83BB121AAD01}</UniqueIdentifier>
      <Extensions>rc;ico;cur;bmp;dlg;rc2;rct;bin;rgs;gif;jpg;jpeg;jpe;resx;tiff;tif;png;wav;mfcribbon-ms</Extensions>
    </Filter>
    <Filter Include="源文件\low">
      <UniqueIdentifier>{c0025b99-6af2-4083-8a36-01d43abf9cf3}</UniqueIdentifier>
    </Filter>
    <Filter Include="源文件\mid">
      <UniqueIdentifier>{12c64260-37df-45fd-95bc-0384889a79c9}</UniqueIdentifier>
    </Filter>
    <Filter Include="头文件\Stack">
      <UniqueIdentifier>{0e2776ad-776c-4e63-b047-581d96cca18d}</UniqueIdentifier>
    </Filter>
    <Filter Include="头文件\Queue">
      <UniqueIdentifier>{101ad398-3b0a-4023-8f4d-33ab21f477a0}</UniqueIdentifier>
    </Filter>
    <Filter Include="头文件\Tree">
      <UniqueIdentifier>{3db50c6c-b5f7-460e-9dc0-c5ecec0f5ec7}</UniqueIdentifier>
    </Filter>
    <Filter Include="头文件\Search">
      <UniqueIdentifier>{c7cc8b86-5707-4389-9233-677903777cc1}</UniqueIdentifier>
    </Filter>
    <Filter Include="头文件\Sort">
      <UniqueIdentifier>{be1b8971-a168-447c-90f2-c7d413a3d1e2}</UniqueIdentifier>
    </Filter>
  </ItemGroup>
  <ItemGroup>
    <ClCompile Include="low-day1.c">
      <Filter>源文件\low</Filter>
    </ClCompile>
    <ClCompile Include="low-day2.c">
      <Filter>源文件\low</Filter>
    </ClCompile>
    <ClCompile Include="low-day3.c">
      <Filter>源文件\low</Filter>
    </ClCompile>
    <ClCompile Include="low-day4.c">
      <Filter>源文件\low</Filter>
    </ClCompile>
    <ClCompile Include="low-day5.c">
      <Filter>源文件\low</Filter>
    </ClCompile>
    <ClCompile Include="low-day6.c">
      <Filter>源文件\low</Filter>
    </ClCompile>
    <ClCompile Include="low-day7.c">
      <Filter>源文件\low</Filter>
    </ClCompile>
    <ClCompile Include="low-day7-2.c">
      <Filter>源文件\low</Filter>
    </ClCompile>
    <ClCompile Include="low-day8.c">
      <Filter>源文件\low</Filter>
    </ClCompile>
    <ClCompile Include="low-day9.c">
      <Filter>源文件\low</Filter>
    </ClCompile>
    <ClCompile Include="low-day10.c">
      <Filter>源文件\low</Filter>
    </ClCompile>
    <ClCompile Include="low-day11.c">
      <Filter>源文件\low</Filter>
    </ClCompile>
    <ClCompile Include="low-day12.c">
      <Filter>源文件\low</Filter>
    </ClCompile>
    <ClCompile Include="mid-day6.cpp">
      <Filter>源文件\mid</Filter>
    </ClCompile>
    <ClCompile Include="mid-day1.c">
      <Filter>源文件\mid</Filter>
    </ClCompile>
    <ClCompile Include="mid-day2.cpp">
      <Filter>源文件\mid</Filter>
    </ClCompile>
    <ClCompile Include="mid-day3.cpp">
      <Filter>源文件\mid</Filter>
    </ClCompile>
    <ClCompile Include="mid-day4.cpp">
      <Filter>源文件\mid</Filter>
    </ClCompile>
    <ClCompile Include="mid-day5.cpp">
      <Filter>源文件\mid</Filter>
    </ClCompile>
    <ClCompile Include="mid-day7.cpp">
      <Filter>源文件\mid</Filter>
    </ClCompile>
    <ClCompile Include="mid-day8.cpp">
      <Filter>源文件\mid</Filter>
    </ClCompile>
    <ClCompile Include="mid-day9.cpp">
      <Filter>源文件\mid</Filter>
    </ClCompile>
  </ItemGroup>
  <ItemGroup>
    <ClInclude Include="SqStack.h">
      <Filter>头文件\Stack</Filter>
    </ClInclude>
    <ClInclude Include="LinkStack.h">
      <Filter>头文件\Stack</Filter>
    </ClInclude>
    <ClInclude Include="Status.h">
      <Filter>头文件</Filter>
    </ClInclude>
    <ClInclude Include="SqQueue.h">
      <Filter>头文件\Queue</Filter>
    </ClInclude>
    <ClInclude Include="LinkQueue.h">
      <Filter>头文件\Queue</Filter>
    </ClInclude>
    <ClInclude Include="BinaryTree.h">
      <Filter>头文件\Tree</Filter>
    </ClInclude>
    <ClInclude Include="SearchSeq.h">
      <Filter>头文件\Search</Filter>
    </ClInclude>
    <ClInclude Include="BinarySearch.h">
      <Filter>头文件\Search</Filter>
    </ClInclude>
    <ClInclude Include="InsertSort.h">
      <Filter>头文件\Sort</Filter>
    </ClInclude>
    <ClInclude Include="BinaryInsertSort.h">
      <Filter>头文件\Sort</Filter>
    </ClInclude>
    <ClInclude Include="ShellSort.h">
      <Filter>头文件\Sort</Filter>
    </ClInclude>
    <ClInclude Include="BubbleSort.h">
      <Filter>头文件\Sort</Filter>
    </ClInclude>
    <ClInclude Include="QuickSort.h">
      <Filter>头文件\Sort</Filter>
    </ClInclude>
  </ItemGroup>
</Project>