<?xml version="1.0" encoding="utf-8"?>
<Project ToolsVersion="4.0" xmlns="http://schemas.microsoft.com/developer/msbuild/2003">
  <ItemGroup>
    <Filter Include="源文件">
      <UniqueIdentifier>{4FC737F1-C7A5-4376-A066-2A32D752A2FF}</UniqueIdentifier>
      <Extensions>cpp;c;cc;cxx;c++;cppm;ixx;def;odl;idl;hpj;bat;asm;asmx</Extensions>
    </Filter>
    <Filter Include="头文件">
      <UniqueIdentifier>{93995380-89BD-4b04-88EB-625FBE52EBFB}</UniqueIdentifier>
      <Extensions>h;hh;hpp;hxx;h++;hm;inl;inc;ipp;xsd</Extensions>
    </Filter>
    <Filter Include="资源文件">
      <UniqueIdentifier>{67DA6AB6-F800-4c08-8B7A-83BB121AAD01}</UniqueIdentifier>
      <Extensions>rc;ico;cur;bmp;dlg;rc2;rct;bin;rgs;gif;jpg;jpeg;jpe;resx;tiff;tif;png;wav;mfcribbon-ms</Extensions>
    </Filter>
    <Filter Include="源文件\LeetCode">
      <UniqueIdentifier>{230284aa-3c76-4436-832f-90cb6634e10e}</UniqueIdentifier>
    </Filter>
    <Filter Include="源文件\LeetCode\DFS">
      <UniqueIdentifier>{2b3cfe52-3b04-4812-8869-6aa77f0962f2}</UniqueIdentifier>
    </Filter>
    <Filter Include="源文件\LeetCode\String">
      <UniqueIdentifier>{94b53e3f-72d2-4c2f-90a8-6ff2782853c5}</UniqueIdentifier>
    </Filter>
    <Filter Include="源文件\LeetCode\LinkedList">
      <UniqueIdentifier>{4e587c97-b49a-4637-b28d-298b42a5c38a}</UniqueIdentifier>
    </Filter>
    <Filter Include="源文件\LeetCode\SVM">
      <UniqueIdentifier>{32380770-644d-451e-a10a-240a509b0f54}</UniqueIdentifier>
    </Filter>
    <Filter Include="源文件\LeetCode\Tree">
      <UniqueIdentifier>{adcbc177-a624-4379-bc17-b57fdf2ef1f0}</UniqueIdentifier>
    </Filter>
    <Filter Include="源文件\LeetCode\Math">
      <UniqueIdentifier>{ae539342-6c4a-4273-8509-f1837ebcbcb7}</UniqueIdentifier>
    </Filter>
    <Filter Include="源文件\LeetCode\Graph">
      <UniqueIdentifier>{ad27dacb-a3e5-4c8d-ae31-1b6c79717033}</UniqueIdentifier>
    </Filter>
    <Filter Include="源文件\LeetCode\TwoPointer">
      <UniqueIdentifier>{e159d2ad-2d4b-4f4e-9777-c0f83570ed9c}</UniqueIdentifier>
    </Filter>
    <Filter Include="源文件\AcWing">
      <UniqueIdentifier>{f8a6879d-f387-4513-9f3e-0096685392ad}</UniqueIdentifier>
    </Filter>
    <Filter Include="源文件\AcWing\Spring2022">
      <UniqueIdentifier>{9e67406a-3645-4bb9-9ad5-dc0ba07b0812}</UniqueIdentifier>
    </Filter>
    <Filter Include="源文件\AcWing\Spring2022\Week1">
      <UniqueIdentifier>{93502017-2b46-4a8f-bcaf-da12f5d7d85e}</UniqueIdentifier>
    </Filter>
    <Filter Include="源文件\AcWing\Algorithm_BasicLevel">
      <UniqueIdentifier>{5a3e4f3c-13cd-4f03-9644-ab6de23747aa}</UniqueIdentifier>
    </Filter>
    <Filter Include="头文件\Model">
      <UniqueIdentifier>{4c821fc5-c106-4f85-a740-ab79d390d83f}</UniqueIdentifier>
    </Filter>
    <Filter Include="源文件\AcWing\DP">
      <UniqueIdentifier>{2817978b-94f7-430c-b456-0f7ac0117d6f}</UniqueIdentifier>
    </Filter>
    <Filter Include="源文件\AcWing\DP\Knapsack">
      <UniqueIdentifier>{3300ea7f-6184-4775-a889-62a9064ba785}</UniqueIdentifier>
    </Filter>
    <Filter Include="源文件\AcWing\DP\LinearDP">
      <UniqueIdentifier>{3bb8260c-ea68-4f52-b19a-1a58d105aabf}</UniqueIdentifier>
    </Filter>
    <Filter Include="源文件\AcWing\DP\ScopeDP">
      <UniqueIdentifier>{1bbeee42-6886-4a62-a2f3-727293e7f1b8}</UniqueIdentifier>
    </Filter>
    <Filter Include="源文件\AcWing\DP\CountDP">
      <UniqueIdentifier>{5fb7741f-b2bb-48c9-95aa-23b09c299980}</UniqueIdentifier>
    </Filter>
    <Filter Include="源文件\AcWing\DP\TriangleDP">
      <UniqueIdentifier>{df674735-c47e-48c3-b7fe-cf5262b838ae}</UniqueIdentifier>
    </Filter>
    <Filter Include="源文件\AcWing\DP\LISModel">
      <UniqueIdentifier>{e2cc5686-afe8-4dc2-b110-18019bf52783}</UniqueIdentifier>
    </Filter>
    <Filter Include="源文件\AcWing\DP\StMachineModel">
      <UniqueIdentifier>{7613cb5b-5d3a-42d3-a934-2251dccb462f}</UniqueIdentifier>
    </Filter>
    <Filter Include="源文件\AcWing\DP\StCompressingModel">
      <UniqueIdentifier>{3fdf7831-bf2d-4c44-8268-6495637dc0b1}</UniqueIdentifier>
    </Filter>
    <Filter Include="源文件\AcWing\DP\TreeDP">
      <UniqueIdentifier>{d0b93260-0641-4754-a54a-edddda0eefc1}</UniqueIdentifier>
    </Filter>
    <Filter Include="源文件\AcWing\Graph">
      <UniqueIdentifier>{4b6ca4b0-1d6a-4714-8e0b-280f04928291}</UniqueIdentifier>
    </Filter>
    <Filter Include="源文件\AcWing\Graph\DFS">
      <UniqueIdentifier>{c837a44f-6a8a-482e-bae1-b9c72f2e466a}</UniqueIdentifier>
    </Filter>
    <Filter Include="源文件\AcWing\Graph\BFS">
      <UniqueIdentifier>{f96ab730-bf42-46e4-b966-e68be365080b}</UniqueIdentifier>
    </Filter>
    <Filter Include="源文件\AcWing\DS">
      <UniqueIdentifier>{dbbd6770-9bec-4054-92cd-222176b86f78}</UniqueIdentifier>
    </Filter>
    <Filter Include="源文件\AcWing\Graph\ShortestPath">
      <UniqueIdentifier>{9e27c23a-3e14-43f3-9e1d-7ea9e7d5c740}</UniqueIdentifier>
    </Filter>
    <Filter Include="源文件\AcWing\Graph\ShortestPath\Single">
      <UniqueIdentifier>{066a68b7-cde8-46c2-a6df-90f9cc15070f}</UniqueIdentifier>
    </Filter>
    <Filter Include="源文件\AcWing\Graph\BFS\FloodFill">
      <UniqueIdentifier>{d11fc7a9-112f-46f1-b743-8e8989c5e6c4}</UniqueIdentifier>
    </Filter>
    <Filter Include="源文件\AcWing\Graph\ShortestPath\Model">
      <UniqueIdentifier>{a04c5edc-168b-44c4-8457-c65b1a2dbf73}</UniqueIdentifier>
    </Filter>
    <Filter Include="源文件\AcWing\Graph\BFS\Multi">
      <UniqueIdentifier>{69f61f3f-f6d6-4551-a037-682fed9cdbe0}</UniqueIdentifier>
    </Filter>
    <Filter Include="源文件\AcWing\Graph\BFS\Model">
      <UniqueIdentifier>{e4262656-9523-4743-b780-922fa0cda068}</UniqueIdentifier>
    </Filter>
    <Filter Include="源文件\AcWing\Graph\DFS\Model">
      <UniqueIdentifier>{e2786266-2299-4bae-9a6a-c57b1b7dc855}</UniqueIdentifier>
    </Filter>
    <Filter Include="源文件\AcWing\Graph\DFS\Model\Prune">
      <UniqueIdentifier>{83cbd9d2-b1e1-4094-9806-ca7d9d7309ac}</UniqueIdentifier>
    </Filter>
    <Filter Include="源文件\AcWing\DS\DisJointSet">
      <UniqueIdentifier>{c35dd9ae-40be-4843-8375-44102acee7c8}</UniqueIdentifier>
    </Filter>
    <Filter Include="源文件\AcWing\Summer2022">
      <UniqueIdentifier>{0e4b81a8-16e2-469f-9bb6-dc9a16e0fffa}</UniqueIdentifier>
    </Filter>
    <Filter Include="源文件\LeetCode\Array">
      <UniqueIdentifier>{074e43f5-0fb2-4a1f-8c12-dcb469d63652}</UniqueIdentifier>
    </Filter>
  </ItemGroup>
  <ItemGroup>
    <ClCompile Include="M386_字典序排数.cpp">
      <Filter>源文件\LeetCode\DFS</Filter>
    </ClCompile>
    <ClCompile Include="Q819_最常见的单词.cpp">
      <Filter>源文件\LeetCode\String</Filter>
    </ClCompile>
    <ClCompile Include="M821_字符的最短距离.cpp">
      <Filter>源文件\LeetCode\String</Filter>
    </ClCompile>
    <ClCompile Include="M388_文件的最长绝对路径.cpp">
      <Filter>源文件\LeetCode\DFS</Filter>
    </ClCompile>
    <ClCompile Include="Q206_反转链表.cpp">
      <Filter>源文件\LeetCode\LinkedList</Filter>
    </ClCompile>
    <ClCompile Include="ListNode.cpp">
      <Filter>源文件\LeetCode\LinkedList</Filter>
    </ClCompile>
    <ClCompile Include="M396_旋转函数.cpp">
      <Filter>源文件\LeetCode\SVM</Filter>
    </ClCompile>
    <ClCompile Include="Q110_平衡二叉树.cpp">
      <Filter>源文件\LeetCode\Tree</Filter>
    </ClCompile>
    <ClCompile Include="Q111_二叉树的最小深度.cpp">
      <Filter>源文件\LeetCode\Tree</Filter>
    </ClCompile>
    <ClCompile Include="Q105_从前序与中序遍历序列构造二叉树.cpp">
      <Filter>源文件\LeetCode\Tree</Filter>
    </ClCompile>
    <ClCompile Include="Q106_从中序与后序遍历序列构造二叉树.cpp">
      <Filter>源文件\LeetCode\Tree</Filter>
    </ClCompile>
    <ClCompile Include="Q107_二叉树的层序遍历II.cpp">
      <Filter>源文件\LeetCode\Tree</Filter>
    </ClCompile>
    <ClCompile Include="Q868_二进制间距.cpp">
      <Filter>源文件\LeetCode</Filter>
    </ClCompile>
    <ClCompile Include="M883_三维形体投影面积.cpp">
      <Filter>源文件\LeetCode\Math</Filter>
    </ClCompile>
    <ClCompile Include="M417_太平洋大西洋水流问题.cpp">
      <Filter>源文件\LeetCode\Graph</Filter>
    </ClCompile>
    <ClCompile Include="M905_按奇偶排序数组.cpp">
      <Filter>源文件\LeetCode\TwoPointer</Filter>
    </ClCompile>
    <ClCompile Include="M908_最小差值I.cpp">
      <Filter>源文件\LeetCode\Math</Filter>
    </ClCompile>
    <ClCompile Include="Q3346_你知道你的ABC吗.cpp">
      <Filter>源文件\AcWing\Spring2022\Week1</Filter>
    </ClCompile>
    <ClCompile Include="Q3358_放养但没有完全放养.cpp">
      <Filter>源文件\AcWing\Spring2022\Week1</Filter>
    </ClCompile>
    <ClCompile Include="Q785_快速排序.cpp">
      <Filter>源文件\AcWing\Algorithm_BasicLevel</Filter>
    </ClCompile>
    <ClCompile Include="Q1305_两棵二叉搜索树中的所有元素.cpp">
      <Filter>源文件\LeetCode\Tree</Filter>
    </ClCompile>
    <ClCompile Include="Q3370_牛年.cpp">
      <Filter>源文件\AcWing\Spring2022\Week1</Filter>
    </ClCompile>
    <ClCompile Include="Q3745_牛的学术圈I.cpp">
      <Filter>源文件\AcWing\Spring2022\Week1</Filter>
    </ClCompile>
    <ClCompile Include="Q786_第k个数.cpp">
      <Filter>源文件\AcWing\Algorithm_BasicLevel</Filter>
    </ClCompile>
    <ClCompile Include="Q786_第k个数2.cpp">
      <Filter>源文件\AcWing\Algorithm_BasicLevel</Filter>
    </ClCompile>
    <ClCompile Include="Q787_归并排序.cpp">
      <Filter>源文件\AcWing\Algorithm_BasicLevel</Filter>
    </ClCompile>
    <ClCompile Include="Q788_逆序对的数量.cpp">
      <Filter>源文件\AcWing\Algorithm_BasicLevel</Filter>
    </ClCompile>
    <ClCompile Include="M3整数二分.h">
      <Filter>头文件\Model</Filter>
    </ClCompile>
    <ClCompile Include="M1快速排序.h">
      <Filter>头文件\Model</Filter>
    </ClCompile>
    <ClCompile Include="M2归并排序.h">
      <Filter>头文件\Model</Filter>
    </ClCompile>
    <ClCompile Include="Q789_数的范围.cpp">
      <Filter>源文件\AcWing\Algorithm_BasicLevel</Filter>
    </ClCompile>
    <ClCompile Include="Q790_数的三次方根.cpp">
      <Filter>源文件\AcWing\Algorithm_BasicLevel</Filter>
    </ClCompile>
    <ClCompile Include="Q795_前缀和.cpp">
      <Filter>源文件\AcWing\Algorithm_BasicLevel</Filter>
    </ClCompile>
    <ClCompile Include="Q796_子矩阵的和.cpp">
      <Filter>源文件\AcWing\Algorithm_BasicLevel</Filter>
    </ClCompile>
    <ClCompile Include="Q797_差分.cpp">
      <Filter>源文件\AcWing\Algorithm_BasicLevel</Filter>
    </ClCompile>
    <ClCompile Include="Q798_差分矩阵.cpp">
      <Filter>源文件\AcWing\Algorithm_BasicLevel</Filter>
    </ClCompile>
    <ClCompile Include="Q2_01背包问题.cpp">
      <Filter>源文件\AcWing\DP\Knapsack</Filter>
    </ClCompile>
    <ClCompile Include="Q2_01背包问题_2.cpp">
      <Filter>源文件\AcWing\DP\Knapsack</Filter>
    </ClCompile>
    <ClCompile Include="Q3_完全背包问题.cpp">
      <Filter>源文件\AcWing\DP\Knapsack</Filter>
    </ClCompile>
    <ClCompile Include="Q3_完全背包问题_2.cpp">
      <Filter>源文件\AcWing\DP\Knapsack</Filter>
    </ClCompile>
    <ClCompile Include="Q4_多重背包问题I.cpp">
      <Filter>源文件\AcWing\DP\Knapsack</Filter>
    </ClCompile>
    <ClCompile Include="Q3_完全背包问题_3.cpp">
      <Filter>源文件\AcWing\DP\Knapsack</Filter>
    </ClCompile>
    <ClCompile Include="Q5_多重背包问题II.cpp">
      <Filter>源文件\AcWing\DP\Knapsack</Filter>
    </ClCompile>
    <ClCompile Include="Q9_分组背包问题.cpp">
      <Filter>源文件\AcWing\DP\Knapsack</Filter>
    </ClCompile>
    <ClCompile Include="Q898_数字三角形.cpp">
      <Filter>源文件\AcWing\DP\LinearDP</Filter>
    </ClCompile>
    <ClCompile Include="Q896_最长上升子序列II.cpp">
      <Filter>源文件\AcWing\DP\LinearDP</Filter>
    </ClCompile>
    <ClCompile Include="Q895_最长上升子序列.cpp">
      <Filter>源文件\AcWing\DP\LinearDP</Filter>
    </ClCompile>
    <ClCompile Include="Q897_最长公共子序列.cpp">
      <Filter>源文件\AcWing\DP\LinearDP</Filter>
    </ClCompile>
    <ClCompile Include="Q902_最短编辑距离.cpp">
      <Filter>源文件\AcWing\DP\LinearDP</Filter>
    </ClCompile>
    <ClCompile Include="Q899_编辑距离.cpp">
      <Filter>源文件\AcWing\DP\LinearDP</Filter>
    </ClCompile>
    <ClCompile Include="Q282_石子合并.cpp">
      <Filter>源文件\AcWing\DP\ScopeDP</Filter>
    </ClCompile>
    <ClCompile Include="Q801_二进制中1的个数.cpp">
      <Filter>源文件\AcWing\Algorithm_BasicLevel</Filter>
    </ClCompile>
    <ClCompile Include="Q799_最长连续不重复子序列.cpp">
      <Filter>源文件\AcWing\Algorithm_BasicLevel</Filter>
    </ClCompile>
    <ClCompile Include="Q800_数组元素的目标和.cpp">
      <Filter>源文件\AcWing\Algorithm_BasicLevel</Filter>
    </ClCompile>
    <ClCompile Include="Q2816_判断子序列.cpp">
      <Filter>源文件\AcWing\Algorithm_BasicLevel</Filter>
    </ClCompile>
    <ClCompile Include="Q900_整数划分.cpp">
      <Filter>源文件\AcWing\DP\CountDP</Filter>
    </ClCompile>
    <ClCompile Include="Q842_排列数字.cpp">
      <Filter>源文件\AcWing\Graph\DFS</Filter>
    </ClCompile>
    <ClCompile Include="Q843_n皇后问题.cpp">
      <Filter>源文件\AcWing\Graph\DFS</Filter>
    </ClCompile>
    <ClCompile Include="Q843_n皇后问题_2.cpp">
      <Filter>源文件\AcWing\Graph\DFS</Filter>
    </ClCompile>
    <ClCompile Include="Q338_计数问题.cpp">
      <Filter>源文件\AcWing\DP\CountDP</Filter>
    </ClCompile>
    <ClCompile Include="Q1015_摘花生.cpp">
      <Filter>源文件\AcWing\DP\TriangleDP</Filter>
    </ClCompile>
    <ClCompile Include="Q1018_最低通行费.cpp">
      <Filter>源文件\AcWing\DP\TriangleDP</Filter>
    </ClCompile>
    <ClCompile Include="Q1027_方格取数.cpp">
      <Filter>源文件\AcWing\DP\TriangleDP</Filter>
    </ClCompile>
    <ClCompile Include="Q1017_怪盗基德的滑翔翼.cpp">
      <Filter>源文件\AcWing\DP\LISModel</Filter>
    </ClCompile>
    <ClCompile Include="Q1014_登山.cpp">
      <Filter>源文件\AcWing\DP\LISModel</Filter>
    </ClCompile>
    <ClCompile Include="Q482_合唱队形.cpp">
      <Filter>源文件\AcWing\DP\LISModel</Filter>
    </ClCompile>
    <ClCompile Include="Q1012_友好城市.cpp">
      <Filter>源文件\AcWing\DP\LISModel</Filter>
    </ClCompile>
    <ClCompile Include="Q1016_最大上升子序列和.cpp">
      <Filter>源文件\AcWing\DP\LISModel</Filter>
    </ClCompile>
    <ClCompile Include="Q1010_拦截导弹.cpp">
      <Filter>源文件\AcWing\DP\LISModel</Filter>
    </ClCompile>
    <ClCompile Include="Q187_导弹防御系统.cpp">
      <Filter>源文件\AcWing\DP\LISModel</Filter>
    </ClCompile>
    <ClCompile Include="Q272_最长公共上升子序列.cpp">
      <Filter>源文件\AcWing\DP\LISModel</Filter>
    </ClCompile>
    <ClCompile Include="Q423_采药.cpp">
      <Filter>源文件\AcWing\DP\Knapsack</Filter>
    </ClCompile>
    <ClCompile Include="Q1024_装箱问题.cpp">
      <Filter>源文件\AcWing\DP\Knapsack</Filter>
    </ClCompile>
    <ClCompile Include="Q1022_宠物小精灵之收服.cpp">
      <Filter>源文件\AcWing\DP\Knapsack</Filter>
    </ClCompile>
    <ClCompile Include="Q11_背包问题求方案数.cpp">
      <Filter>源文件\AcWing\DP\Knapsack</Filter>
    </ClCompile>
    <ClCompile Include="Q278_数字组合.cpp">
      <Filter>源文件\AcWing\DP\Knapsack</Filter>
    </ClCompile>
    <ClCompile Include="Q1023_买书.cpp">
      <Filter>源文件\AcWing\DP\Knapsack</Filter>
    </ClCompile>
    <ClCompile Include="Q1021_货币系统.cpp">
      <Filter>源文件\AcWing\DP\Knapsack</Filter>
    </ClCompile>
    <ClCompile Include="Q532_货币系统.cpp">
      <Filter>源文件\AcWing\DP\Knapsack</Filter>
    </ClCompile>
    <ClCompile Include="Q8_二维费用的背包问题.cpp">
      <Filter>源文件\AcWing\DP\Knapsack</Filter>
    </ClCompile>
    <ClCompile Include="Q1020_潜水员.cpp">
      <Filter>源文件\AcWing\DP\Knapsack</Filter>
    </ClCompile>
    <ClCompile Include="Q6_多重背包问题III.cpp">
      <Filter>源文件\AcWing\DP\Knapsack</Filter>
    </ClCompile>
    <ClCompile Include="Q1019_庆功会.cpp">
      <Filter>源文件\AcWing\DP\Knapsack</Filter>
    </ClCompile>
    <ClCompile Include="Q7_混合背包问题.cpp">
      <Filter>源文件\AcWing\DP\Knapsack</Filter>
    </ClCompile>
    <ClCompile Include="Q1013_机器分配.cpp">
      <Filter>源文件\AcWing\DP\Knapsack</Filter>
    </ClCompile>
    <ClCompile Include="Q426_开心的金明.cpp">
      <Filter>源文件\AcWing\DP\Knapsack</Filter>
    </ClCompile>
    <ClCompile Include="Q12_背包问题求具体方案.cpp">
      <Filter>源文件\AcWing\DP\Knapsack</Filter>
    </ClCompile>
    <ClCompile Include="Q1049_大盗阿福.cpp">
      <Filter>源文件\AcWing\DP\StMachineModel</Filter>
    </ClCompile>
    <ClCompile Include="Q1057_股票买卖IV.cpp">
      <Filter>源文件\AcWing\DP\StMachineModel</Filter>
    </ClCompile>
    <ClCompile Include="Q1058_股票买卖V.cpp">
      <Filter>源文件\AcWing\DP\StMachineModel</Filter>
    </ClCompile>
    <ClCompile Include="Q1064_小国王.cpp">
      <Filter>源文件\AcWing\DP\StCompressingModel</Filter>
    </ClCompile>
    <ClCompile Include="Q327_玉米田.cpp">
      <Filter>源文件\AcWing\DP\StCompressingModel</Filter>
    </ClCompile>
    <ClCompile Include="Q1068_环形石子合并.cpp">
      <Filter>源文件\AcWing\DP\ScopeDP</Filter>
    </ClCompile>
    <ClCompile Include="Q320_能量项链.cpp">
      <Filter>源文件\AcWing\DP\ScopeDP</Filter>
    </ClCompile>
    <ClCompile Include="Q479_加分二叉树.cpp">
      <Filter>源文件\AcWing\DP\ScopeDP</Filter>
    </ClCompile>
    <ClCompile Include="Q1069_凸多边形的划分.cpp">
      <Filter>源文件\AcWing\DP\ScopeDP</Filter>
    </ClCompile>
    <ClCompile Include="Q321_棋盘分割.cpp">
      <Filter>源文件\AcWing\DP\ScopeDP</Filter>
    </ClCompile>
    <ClCompile Include="Q846_树的重心.cpp">
      <Filter>源文件\AcWing\Graph\DFS</Filter>
    </ClCompile>
    <ClCompile Include="Q1072_树的最长路径.cpp">
      <Filter>源文件\AcWing\DP\TreeDP</Filter>
    </ClCompile>
    <ClCompile Include="Q1073_树的中心.cpp">
      <Filter>源文件\AcWing\DP\TreeDP</Filter>
    </ClCompile>
    <ClCompile Include="Q1075_数字转换.cpp">
      <Filter>源文件\AcWing\DP\TreeDP</Filter>
    </ClCompile>
    <ClCompile Include="Q1074_二叉苹果树.cpp">
      <Filter>源文件\AcWing\DP\TreeDP</Filter>
    </ClCompile>
    <ClCompile Include="Q10_有依赖的背包问题.cpp">
      <Filter>源文件\AcWing\DP\Knapsack</Filter>
    </ClCompile>
    <ClCompile Include="Q285_没有上司的舞会.cpp">
      <Filter>源文件\AcWing\DP\TreeDP</Filter>
    </ClCompile>
    <ClCompile Include="Q844_走迷宫.cpp">
      <Filter>源文件\AcWing\Graph\BFS</Filter>
    </ClCompile>
    <ClCompile Include="Q845_八数码.cpp">
      <Filter>源文件\AcWing\Graph\BFS</Filter>
    </ClCompile>
    <ClCompile Include="Q847_图中点的层次.cpp">
      <Filter>源文件\AcWing\Graph\BFS</Filter>
    </ClCompile>
    <ClCompile Include="Q848_有向图的拓扑序列.cpp">
      <Filter>源文件\AcWing\Graph\BFS</Filter>
    </ClCompile>
    <ClCompile Include="Q849_Dijkstra求最短路I.cpp">
      <Filter>源文件\AcWing\Graph</Filter>
    </ClCompile>
    <ClCompile Include="Q853_有边数限制的最短路.cpp">
      <Filter>源文件\AcWing\Graph</Filter>
    </ClCompile>
    <ClCompile Include="Q851_spfa求最短路.cpp">
      <Filter>源文件\AcWing\Graph</Filter>
    </ClCompile>
    <ClCompile Include="Q852_spfa判断负环.cpp">
      <Filter>源文件\AcWing\Graph</Filter>
    </ClCompile>
    <ClCompile Include="Q854_Floyd求最短路.cpp">
      <Filter>源文件\AcWing\Graph</Filter>
    </ClCompile>
    <ClCompile Include="Q850_Dijkstra求最短路II.cpp">
      <Filter>源文件\AcWing\Graph</Filter>
    </ClCompile>
    <ClCompile Include="Q858_Prim算法求最小生成树.cpp">
      <Filter>源文件\AcWing\Graph</Filter>
    </ClCompile>
    <ClCompile Include="Q836_合并集合.cpp">
      <Filter>源文件\AcWing\DS</Filter>
    </ClCompile>
    <ClCompile Include="Q837_连通块中点的数量.cpp">
      <Filter>源文件\AcWing\DS</Filter>
    </ClCompile>
    <ClCompile Include="Q859_Kruskal算法求最小生成树.cpp">
      <Filter>源文件\AcWing\Graph</Filter>
    </ClCompile>
    <ClCompile Include="Q860_染色法判定二分图.cpp">
      <Filter>源文件\AcWing\Graph</Filter>
    </ClCompile>
    <ClCompile Include="Q861_二分图的最大匹配.cpp">
      <Filter>源文件\AcWing\Graph</Filter>
    </ClCompile>
    <ClCompile Include="Q1129_热浪_2.cpp">
      <Filter>源文件\AcWing\Graph\ShortestPath\Single</Filter>
    </ClCompile>
    <ClCompile Include="Q1129_热浪.cpp">
      <Filter>源文件\AcWing\Graph\ShortestPath\Single</Filter>
    </ClCompile>
    <ClCompile Include="Q1128_信使.cpp">
      <Filter>源文件\AcWing\Graph\ShortestPath\Single</Filter>
    </ClCompile>
    <ClCompile Include="Q1127_香甜的黄油.cpp">
      <Filter>源文件\AcWing\Graph\ShortestPath\Single</Filter>
    </ClCompile>
    <ClCompile Include="Q1126_最小花费.cpp">
      <Filter>源文件\AcWing\Graph\ShortestPath\Single</Filter>
    </ClCompile>
    <ClCompile Include="Q920_最优乘车.cpp">
      <Filter>源文件\AcWing\Graph\ShortestPath\Single</Filter>
    </ClCompile>
    <ClCompile Include="Q903_昂贵的聘礼.cpp">
      <Filter>源文件\AcWing\Graph\ShortestPath\Single</Filter>
    </ClCompile>
    <ClCompile Include="Q903_昂贵的聘礼_2.cpp">
      <Filter>源文件\AcWing\Graph\ShortestPath\Single</Filter>
    </ClCompile>
    <ClCompile Include="1097. 池塘计数.cpp">
      <Filter>源文件\AcWing\Graph\BFS\FloodFill</Filter>
    </ClCompile>
    <ClCompile Include="Q1098_城堡问题.cpp">
      <Filter>源文件\AcWing\Graph\BFS\FloodFill</Filter>
    </ClCompile>
    <ClCompile Include="Q1106_山峰和山谷.cpp">
      <Filter>源文件\AcWing\Graph\BFS\FloodFill</Filter>
    </ClCompile>
    <ClCompile Include="Q1076_迷宫问题.cpp">
      <Filter>源文件\AcWing\Graph\ShortestPath\Model</Filter>
    </ClCompile>
    <ClCompile Include="Q188_武士风度的牛.cpp">
      <Filter>源文件\AcWing\Graph\ShortestPath\Model</Filter>
    </ClCompile>
    <ClCompile Include="Q1100_抓住那头牛.cpp">
      <Filter>源文件\AcWing\Graph\ShortestPath\Model</Filter>
    </ClCompile>
    <ClCompile Include="Q173_矩阵距离.cpp">
      <Filter>源文件\AcWing\Graph\BFS\Multi</Filter>
    </ClCompile>
    <ClCompile Include="Q1107_魔板.cpp">
      <Filter>源文件\AcWing\Graph\BFS\Model</Filter>
    </ClCompile>
    <ClCompile Include="Q175_电路维修.cpp">
      <Filter>源文件\AcWing\Graph\BFS\Model</Filter>
    </ClCompile>
    <ClCompile Include="Q1112_迷宫.cpp">
      <Filter>源文件\AcWing\Graph\DFS\Model</Filter>
    </ClCompile>
    <ClCompile Include="Q1113_红与黑.cpp">
      <Filter>源文件\AcWing\Graph\DFS\Model</Filter>
    </ClCompile>
    <ClCompile Include="Q1113_红与黑_2.cpp">
      <Filter>源文件\AcWing\Graph\DFS\Model</Filter>
    </ClCompile>
    <ClCompile Include="Q1113_红与黑_3.cpp">
      <Filter>源文件\AcWing\Graph\DFS\Model</Filter>
    </ClCompile>
    <ClCompile Include="Q1116_马走日.cpp">
      <Filter>源文件\AcWing\Graph\DFS\Model</Filter>
    </ClCompile>
    <ClCompile Include="Q1117_单词接龙.cpp">
      <Filter>源文件\AcWing\Graph\DFS\Model</Filter>
    </ClCompile>
    <ClCompile Include="Q1118_分成互质组.cpp">
      <Filter>源文件\AcWing\Graph\DFS\Model</Filter>
    </ClCompile>
    <ClCompile Include="Q165_小猫爬山.cpp">
      <Filter>源文件\AcWing\Graph\DFS\Model\Prune</Filter>
    </ClCompile>
    <ClCompile Include="Q1250_格子游戏.cpp">
      <Filter>源文件\AcWing\DS\DisJointSet</Filter>
    </ClCompile>
    <ClCompile Include="Q1252_搭配购买.cpp">
      <Filter>源文件\AcWing\DS\DisJointSet</Filter>
    </ClCompile>
    <ClCompile Include="Q237_程序自动分析.cpp">
      <Filter>源文件\AcWing\DS\DisJointSet</Filter>
    </ClCompile>
    <ClCompile Include="Q4268_性感素数.cpp">
      <Filter>源文件\AcWing\Summer2022</Filter>
    </ClCompile>
    <ClCompile Include="Q4269_校庆.cpp">
      <Filter>源文件\AcWing\Summer2022</Filter>
    </ClCompile>
    <ClCompile Include="Q826_单链表.cpp">
      <Filter>源文件\AcWing\DS</Filter>
    </ClCompile>
    <ClCompile Include="Q827_双链表.cpp">
      <Filter>源文件\AcWing\DS</Filter>
    </ClCompile>
    <ClCompile Include="M1470_重新排列数组.cpp">
      <Filter>源文件\LeetCode\Array</Filter>
    </ClCompile>
    <ClCompile Include="33_搜索旋转排序数组.cpp">
      <Filter>源文件\LeetCode\Array</Filter>
    </ClCompile>
  </ItemGroup>
  <ItemGroup>
    <ClInclude Include="M4浮点数二分.h">
      <Filter>头文件\Model</Filter>
    </ClInclude>
    <ClInclude Include="M5一维前缀和.h">
      <Filter>头文件\Model</Filter>
    </ClInclude>
    <ClInclude Include="M6二维前缀和.h">
      <Filter>头文件\Model</Filter>
    </ClInclude>
    <ClInclude Include="M7一维差分.h">
      <Filter>头文件\Model</Filter>
    </ClInclude>
    <ClInclude Include="M8二维差分.h">
      <Filter>头文件\Model</Filter>
    </ClInclude>
  </ItemGroup>
</Project>