<?xml version="1.0" encoding="utf-8"?>
<Project ToolsVersion="4.0" xmlns="http://schemas.microsoft.com/developer/msbuild/2003">
  <ItemGroup>
    <Filter Include="源文件">
      <UniqueIdentifier>{4FC737F1-C7A5-4376-A066-2A32D752A2FF}</UniqueIdentifier>
      <Extensions>cpp;c;cc;cxx;c++;cppm;ixx;def;odl;idl;hpj;bat;asm;asmx</Extensions>
    </Filter>
    <Filter Include="头文件">
      <UniqueIdentifier>{93995380-89BD-4b04-88EB-625FBE52EBFB}</UniqueIdentifier>
      <Extensions>h;hh;hpp;hxx;h++;hm;inl;inc;ipp;xsd</Extensions>
    </Filter>
    <Filter Include="资源文件">
      <UniqueIdentifier>{67DA6AB6-F800-4c08-8B7A-83BB121AAD01}</UniqueIdentifier>
      <Extensions>rc;ico;cur;bmp;dlg;rc2;rct;bin;rgs;gif;jpg;jpeg;jpe;resx;tiff;tif;png;wav;mfcribbon-ms</Extensions>
    </Filter>
    <Filter Include="源文件\LeetCode">
      <UniqueIdentifier>{230284aa-3c76-4436-832f-90cb6634e10e}</UniqueIdentifier>
    </Filter>
    <Filter Include="源文件\LeetCode\DFS">
      <UniqueIdentifier>{2b3cfe52-3b04-4812-8869-6aa77f0962f2}</UniqueIdentifier>
    </Filter>
    <Filter Include="源文件\LeetCode\String">
      <UniqueIdentifier>{94b53e3f-72d2-4c2f-90a8-6ff2782853c5}</UniqueIdentifier>
    </Filter>
    <Filter Include="源文件\LeetCode\LinkedList">
      <UniqueIdentifier>{4e587c97-b49a-4637-b28d-298b42a5c38a}</UniqueIdentifier>
    </Filter>
    <Filter Include="源文件\LeetCode\SVM">
      <UniqueIdentifier>{32380770-644d-451e-a10a-240a509b0f54}</UniqueIdentifier>
    </Filter>
    <Filter Include="源文件\LeetCode\Tree">
      <UniqueIdentifier>{adcbc177-a624-4379-bc17-b57fdf2ef1f0}</UniqueIdentifier>
    </Filter>
    <Filter Include="源文件\LeetCode\Math">
      <UniqueIdentifier>{ae539342-6c4a-4273-8509-f1837ebcbcb7}</UniqueIdentifier>
    </Filter>
    <Filter Include="源文件\LeetCode\Graph">
      <UniqueIdentifier>{ad27dacb-a3e5-4c8d-ae31-1b6c79717033}</UniqueIdentifier>
    </Filter>
    <Filter Include="源文件\LeetCode\TwoPointer">
      <UniqueIdentifier>{e159d2ad-2d4b-4f4e-9777-c0f83570ed9c}</UniqueIdentifier>
    </Filter>
    <Filter Include="源文件\AcWing">
      <UniqueIdentifier>{f8a6879d-f387-4513-9f3e-0096685392ad}</UniqueIdentifier>
    </Filter>
    <Filter Include="源文件\AcWing\Spring2022">
      <UniqueIdentifier>{9e67406a-3645-4bb9-9ad5-dc0ba07b0812}</UniqueIdentifier>
    </Filter>
    <Filter Include="源文件\AcWing\Spring2022\Week1">
      <UniqueIdentifier>{93502017-2b46-4a8f-bcaf-da12f5d7d85e}</UniqueIdentifier>
    </Filter>
  </ItemGroup>
  <ItemGroup>
    <ClCompile Include="M386_字典序排数.cpp">
      <Filter>源文件\LeetCode\DFS</Filter>
    </ClCompile>
    <ClCompile Include="Q819_最常见的单词.cpp">
      <Filter>源文件\LeetCode\String</Filter>
    </ClCompile>
    <ClCompile Include="M821_字符的最短距离.cpp">
      <Filter>源文件\LeetCode\String</Filter>
    </ClCompile>
    <ClCompile Include="M388_文件的最长绝对路径.cpp">
      <Filter>源文件\LeetCode\DFS</Filter>
    </ClCompile>
    <ClCompile Include="Q206_反转链表.cpp">
      <Filter>源文件\LeetCode\LinkedList</Filter>
    </ClCompile>
    <ClCompile Include="ListNode.cpp">
      <Filter>源文件\LeetCode\LinkedList</Filter>
    </ClCompile>
    <ClCompile Include="M396_旋转函数.cpp">
      <Filter>源文件\LeetCode\SVM</Filter>
    </ClCompile>
    <ClCompile Include="Q110_平衡二叉树.cpp">
      <Filter>源文件\LeetCode\Tree</Filter>
    </ClCompile>
    <ClCompile Include="Q111_二叉树的最小深度.cpp">
      <Filter>源文件\LeetCode\Tree</Filter>
    </ClCompile>
    <ClCompile Include="Q105_从前序与中序遍历序列构造二叉树.cpp">
      <Filter>源文件\LeetCode\Tree</Filter>
    </ClCompile>
    <ClCompile Include="Q106_从中序与后序遍历序列构造二叉树.cpp">
      <Filter>源文件\LeetCode\Tree</Filter>
    </ClCompile>
    <ClCompile Include="Q107_二叉树的层序遍历II.cpp">
      <Filter>源文件\LeetCode\Tree</Filter>
    </ClCompile>
    <ClCompile Include="Q868_二进制间距.cpp">
      <Filter>源文件\LeetCode</Filter>
    </ClCompile>
    <ClCompile Include="M883_三维形体投影面积.cpp">
      <Filter>源文件\LeetCode\Math</Filter>
    </ClCompile>
    <ClCompile Include="M417_太平洋大西洋水流问题.cpp">
      <Filter>源文件\LeetCode\Graph</Filter>
    </ClCompile>
    <ClCompile Include="M905_按奇偶排序数组.cpp">
      <Filter>源文件\LeetCode\TwoPointer</Filter>
    </ClCompile>
    <ClCompile Include="M908_最小差值I.cpp">
      <Filter>源文件\LeetCode\Math</Filter>
    </ClCompile>
    <ClCompile Include="Q3346_你知道你的ABC吗.cpp">
      <Filter>源文件\AcWing\Spring2022\Week1</Filter>
    </ClCompile>
    <ClCompile Include="Q3358_放养但没有完全放养.cpp">
      <Filter>源文件\AcWing\Spring2022\Week1</Filter>
    </ClCompile>
  </ItemGroup>
</Project>